{
  "name": "final-restored",
  "version": "1.0.0",
  "lockfileVersion": 1,
  "requires": true,
  "dependencies": {
    "ml5": {
      "version": "1.0.0",
      "resolved": "https://registry.npmjs.org/ml5/-/ml5-1.0.0.tgz",
      "integrity": "sha512-5ey0eIeGHF5DdgFhXnr36JDJMDmjRD8FY3QLpVzZbwYEGnHdTIy5YjqhBOEv917Eyf/RKAbOnWSYNnX3aV1a/Q=="
    }
  }
}
